// !$*UTF8*$!
{
	archiveVersion = 1;
	classes = {
	};
	objectVersion = 56;
	objects = {

/* Begin PBXBuildFile section */
		E015B69145109D09D312E377 /* src/about.cpp in Sources */ = {isa = PBXBuildFile; fileRef = BFFADD88A65A7B11EDB80539 /* src/about.cpp */; };
		80E57586DCB544227C1CABDF /* src/buffer.cpp in Sources */ = {isa = PBXBuildFile; fileRef = C86F6CC1055BDB790EAF9391 /* src/buffer.cpp */; };
		0A43D8A08722C77B52F0B06D /* src/compile.cpp in Sources */ = {isa = PBXBuildFile; fileRef = 21EAF0BF9D597F7DC1133386 /* src/compile.cpp */; };
		E8972C1703D4A93D3D2CB807 /* src/convert.cpp in Sources */ = {isa = PBXBuildFile; fileRef = 4DD5847B36D4350051C6300A /* src/convert.cpp */; };
		918F9C576EC8488A74A06534 /* src/debugger.cpp in Sources */ = {isa = PBXBuildFile; fileRef = DCA73A73779A1B6FFB39DF3B /* src/debugger.cpp */; };
		912A42F0E9DE315EF91C24BE /* src/demangle_win.cpp in Sources */ = {isa = PBXBuildFile; fileRef = 4749BF97F0C198EDAA3420DB /* src/demangle_win.cpp */; };
		AAB6E584544D1F0DE05BF405 /* src/editor.cpp in Sources */ = {isa = PBXBuildFile; fileRef = 918B5AC2612C91600B3165FA /* src/editor.cpp */; };
		078688230FB514EF4B7EF91B /* src/find.cpp in Sources */ = {isa = PBXBuildFile; fileRef = B83C549B95C854E29235B973 /* src/find.cpp */; };
		AAD91BFEA264405560B53E3F /* src/help.cpp in Sources */ = {isa = PBXBuildFile; fileRef = 85B8315131243FFB0AAAC3FC /* src/help.cpp */; };
		9CFFE109F8061BCAD8305D35 /* src/indent.cpp in Sources */ = {isa = PBXBuildFile; fileRef = 8AF3000BF4BDD81AB4DC3D5F /* src/indent.cpp */; };
		5042E705CDF3685E732ACCD4 /* src/json.cpp in Sources */ = {isa = PBXBuildFile; fileRef = 19CC2E5C6C40D6FE349E0667 /* src/json.cpp */; };
		8D5DEB5EEEAB3655B862B92F /* src/main.cpp in Sources */ = {isa = PBXBuildFile; fileRef = 538B5D1B91A7BE95650C3040 /* src/main.cpp */; };
		F7B35C55F11C411DC03D3FE7 /* src/menu.cpp in Sources */ = {isa = PBXBuildFile; fileRef = 4968BF73E5C2D51A97CA35B8 /* src/menu.cpp */; };
		A0D44BBCA2DFCC504416B1E3 /* src/path.cpp in Sources */ = {isa = PBXBuildFile; fileRef = D0E1779E6C5BE79C516412A3 /* src/path.cpp */; };
		317E8C7E05CE4003BD6511C5 /* src/process.cpp in Sources */ = {isa = PBXBuildFile; fileRef = F5DE32CF64F9E1479EF943CD /* src/process.cpp */; };
		10380FB61EFABE495BA307B1 /* src/project.cpp in Sources */ = {isa = PBXBuildFile; fileRef = 5A1195D97D5229F327AB06E6 /* src/project.cpp */; };
		B9A52EB25BEF6BC293AA5CBB /* src/settings.cpp in Sources */ = {isa = PBXBuildFile; fileRef = 55EE19F2CFD9D732E707E9B2 /* src/settings.cpp */; };
		EBBE79AC945AE7BFEC5A4D35 /* src/shalimar/channel.cpp in Sources */ = {isa = PBXBuildFile; fileRef = 3F756BB7D2005279339F5EA2 /* src/shalimar/channel.cpp */; };
		1AC8C2079FD39DE2E6E1D95F /* src/shalimar/session.cpp in Sources */ = {isa = PBXBuildFile; fileRef = CC2105F1B7160547CE37D172 /* src/shalimar/session.cpp */; };
		02620012EC1CBD6D97426027 /* src/symbols.cpp in Sources */ = {isa = PBXBuildFile; fileRef = 74FC35BD1219B582C830A8F5 /* src/symbols.cpp */; };
		7C428121D0D3E09BF17B9B47 /* src/syntax.cpp in Sources */ = {isa = PBXBuildFile; fileRef = B5CA71E7670AEFFC90563757 /* src/syntax.cpp */; };
		9D79086AADD50177F03863F4 /* src/terminal.cpp in Sources */ = {isa = PBXBuildFile; fileRef = D8490E2AA88AD30BA6F59D3A /* src/terminal.cpp */; };
		C2D11DC8F12413880D79D19B /* src/terminal_common.cpp in Sources */ = {isa = PBXBuildFile; fileRef = 221CE21A6E6A094EDB02146C /* src/terminal_common.cpp */; };
		33E56EC2F4D6775CA0B3C3F1 /* src/toolchain.cpp in Sources */ = {isa = PBXBuildFile; fileRef = CBA73DFAD6926D4024A04C34 /* src/toolchain.cpp */; };
		FEAED58504DD22A48E5F9CC2 /* src/tree.cpp in Sources */ = {isa = PBXBuildFile; fileRef = B71BF105044905B14EA2BFCC /* src/tree.cpp */; };
		DBE2AD57BCEA97DDDE283FEA /* src/utf8.cpp in Sources */ = {isa = PBXBuildFile; fileRef = 21AE74EF488F08F4D064ADB7 /* src/utf8.cpp */; };
		B64837D5D51982DEB27792E5 /* src/workspace.cpp in Sources */ = {isa = PBXBuildFile; fileRef = A6997C068C7A689B20B6B454 /* src/workspace.cpp */; };
/* End PBXBuildFile section */

/* Begin PBXFileReference section */
		BFFADD88A65A7B11EDB80539 /* src/about.cpp */ = {isa = PBXFileReference; lastKnownFileType = sourcecode.cpp.cpp; path = src/about.cpp; sourceTree = "<group>"; };
		C86F6CC1055BDB790EAF9391 /* src/buffer.cpp */ = {isa = PBXFileReference; lastKnownFileType = sourcecode.cpp.cpp; path = src/buffer.cpp; sourceTree = "<group>"; };
		21EAF0BF9D597F7DC1133386 /* src/compile.cpp */ = {isa = PBXFileReference; lastKnownFileType = sourcecode.cpp.cpp; path = src/compile.cpp; sourceTree = "<group>"; };
		4DD5847B36D4350051C6300A /* src/convert.cpp */ = {isa = PBXFileReference; lastKnownFileType = sourcecode.cpp.cpp; path = src/convert.cpp; sourceTree = "<group>"; };
		DCA73A73779A1B6FFB39DF3B /* src/debugger.cpp */ = {isa = PBXFileReference; lastKnownFileType = sourcecode.cpp.cpp; path = src/debugger.cpp; sourceTree = "<group>"; };
		4749BF97F0C198EDAA3420DB /* src/demangle_win.cpp */ = {isa = PBXFileReference; lastKnownFileType = sourcecode.cpp.cpp; path = src/demangle_win.cpp; sourceTree = "<group>"; };
		918B5AC2612C91600B3165FA /* src/editor.cpp */ = {isa = PBXFileReference; lastKnownFileType = sourcecode.cpp.cpp; path = src/editor.cpp; sourceTree = "<group>"; };
		B83C549B95C854E29235B973 /* src/find.cpp */ = {isa = PBXFileReference; lastKnownFileType = sourcecode.cpp.cpp; path = src/find.cpp; sourceTree = "<group>"; };
		85B8315131243FFB0AAAC3FC /* src/help.cpp */ = {isa = PBXFileReference; lastKnownFileType = sourcecode.cpp.cpp; path = src/help.cpp; sourceTree = "<group>"; };
		8AF3000BF4BDD81AB4DC3D5F /* src/indent.cpp */ = {isa = PBXFileReference; lastKnownFileType = sourcecode.cpp.cpp; path = src/indent.cpp; sourceTree = "<group>"; };
		19CC2E5C6C40D6FE349E0667 /* src/json.cpp */ = {isa = PBXFileReference; lastKnownFileType = sourcecode.cpp.cpp; path = src/json.cpp; sourceTree = "<group>"; };
		538B5D1B91A7BE95650C3040 /* src/main.cpp */ = {isa = PBXFileReference; lastKnownFileType = sourcecode.cpp.cpp; path = src/main.cpp; sourceTree = "<group>"; };
		4968BF73E5C2D51A97CA35B8 /* src/menu.cpp */ = {isa = PBXFileReference; lastKnownFileType = sourcecode.cpp.cpp; path = src/menu.cpp; sourceTree = "<group>"; };
		D0E1779E6C5BE79C516412A3 /* src/path.cpp */ = {isa = PBXFileReference; lastKnownFileType = sourcecode.cpp.cpp; path = src/path.cpp; sourceTree = "<group>"; };
		F5DE32CF64F9E1479EF943CD /* src/process.cpp */ = {isa = PBXFileReference; lastKnownFileType = sourcecode.cpp.cpp; path = src/process.cpp; sourceTree = "<group>"; };
		5A1195D97D5229F327AB06E6 /* src/project.cpp */ = {isa = PBXFileReference; lastKnownFileType = sourcecode.cpp.cpp; path = src/project.cpp; sourceTree = "<group>"; };
		55EE19F2CFD9D732E707E9B2 /* src/settings.cpp */ = {isa = PBXFileReference; lastKnownFileType = sourcecode.cpp.cpp; path = src/settings.cpp; sourceTree = "<group>"; };
		3F756BB7D2005279339F5EA2 /* src/shalimar/channel.cpp */ = {isa = PBXFileReference; lastKnownFileType = sourcecode.cpp.cpp; path = src/shalimar/channel.cpp; sourceTree = "<group>"; };
		CC2105F1B7160547CE37D172 /* src/shalimar/session.cpp */ = {isa = PBXFileReference; lastKnownFileType = sourcecode.cpp.cpp; path = src/shalimar/session.cpp; sourceTree = "<group>"; };
		74FC35BD1219B582C830A8F5 /* src/symbols.cpp */ = {isa = PBXFileReference; lastKnownFileType = sourcecode.cpp.cpp; path = src/symbols.cpp; sourceTree = "<group>"; };
		B5CA71E7670AEFFC90563757 /* src/syntax.cpp */ = {isa = PBXFileReference; lastKnownFileType = sourcecode.cpp.cpp; path = src/syntax.cpp; sourceTree = "<group>"; };
		D8490E2AA88AD30BA6F59D3A /* src/terminal.cpp */ = {isa = PBXFileReference; lastKnownFileType = sourcecode.cpp.cpp; path = src/terminal.cpp; sourceTree = "<group>"; };
		221CE21A6E6A094EDB02146C /* src/terminal_common.cpp */ = {isa = PBXFileReference; lastKnownFileType = sourcecode.cpp.cpp; path = src/terminal_common.cpp; sourceTree = "<group>"; };
		CBA73DFAD6926D4024A04C34 /* src/toolchain.cpp */ = {isa = PBXFileReference; lastKnownFileType = sourcecode.cpp.cpp; path = src/toolchain.cpp; sourceTree = "<group>"; };
		B71BF105044905B14EA2BFCC /* src/tree.cpp */ = {isa = PBXFileReference; lastKnownFileType = sourcecode.cpp.cpp; path = src/tree.cpp; sourceTree = "<group>"; };
		21AE74EF488F08F4D064ADB7 /* src/utf8.cpp */ = {isa = PBXFileReference; lastKnownFileType = sourcecode.cpp.cpp; path = src/utf8.cpp; sourceTree = "<group>"; };
		A6997C068C7A689B20B6B454 /* src/workspace.cpp */ = {isa = PBXFileReference; lastKnownFileType = sourcecode.cpp.cpp; path = src/workspace.cpp; sourceTree = "<group>"; };
		E973B228DD3A846DEAE8E8D3 /* src/about.h */ = {isa = PBXFileReference; lastKnownFileType = sourcecode.c.h; path = src/about.h; sourceTree = "<group>"; };
		1B5EB44A741DFFD2525AE1C6 /* src/buffer.h */ = {isa = PBXFileReference; lastKnownFileType = sourcecode.c.h; path = src/buffer.h; sourceTree = "<group>"; };
		650A4A41D1C1F489366CE5E2 /* src/compile.h */ = {isa = PBXFileReference; lastKnownFileType = sourcecode.c.h; path = src/compile.h; sourceTree = "<group>"; };
		87475EFCF12BD76F7011DE14 /* src/convert.h */ = {isa = PBXFileReference; lastKnownFileType = sourcecode.c.h; path = src/convert.h; sourceTree = "<group>"; };
		873BA592A41AA463A9B9E994 /* src/debugger.h */ = {isa = PBXFileReference; lastKnownFileType = sourcecode.c.h; path = src/debugger.h; sourceTree = "<group>"; };
		1435A6BCCF5E71153D9F9A8D /* src/editor.h */ = {isa = PBXFileReference; lastKnownFileType = sourcecode.c.h; path = src/editor.h; sourceTree = "<group>"; };
		A57C76E9F2FFB1E22DDAC64C /* src/find.h */ = {isa = PBXFileReference; lastKnownFileType = sourcecode.c.h; path = src/find.h; sourceTree = "<group>"; };
		1E78AE1C3CAB6D9F8D82C4C5 /* src/help.h */ = {isa = PBXFileReference; lastKnownFileType = sourcecode.c.h; path = src/help.h; sourceTree = "<group>"; };
		2E27E713CCCBA17C6984216C /* src/indent.h */ = {isa = PBXFileReference; lastKnownFileType = sourcecode.c.h; path = src/indent.h; sourceTree = "<group>"; };
		02A33E217FD333FB1B5C81A7 /* src/json.h */ = {isa = PBXFileReference; lastKnownFileType = sourcecode.c.h; path = src/json.h; sourceTree = "<group>"; };
		0EC7D0E46155DC11229B3A74 /* src/menu.h */ = {isa = PBXFileReference; lastKnownFileType = sourcecode.c.h; path = src/menu.h; sourceTree = "<group>"; };
		0DCCBCA79279550399768818 /* src/path.h */ = {isa = PBXFileReference; lastKnownFileType = sourcecode.c.h; path = src/path.h; sourceTree = "<group>"; };
		535E7D6D4A640F2396055849 /* src/process.h */ = {isa = PBXFileReference; lastKnownFileType = sourcecode.c.h; path = src/process.h; sourceTree = "<group>"; };
		A8EC7491BBC818BB9ADC8608 /* src/project.h */ = {isa = PBXFileReference; lastKnownFileType = sourcecode.c.h; path = src/project.h; sourceTree = "<group>"; };
		43A4BE783A32D36672149ABC /* src/settings.h */ = {isa = PBXFileReference; lastKnownFileType = sourcecode.c.h; path = src/settings.h; sourceTree = "<group>"; };
		3E989A3836043789DA1B92DA /* src/shalimar/channel.h */ = {isa = PBXFileReference; lastKnownFileType = sourcecode.c.h; path = src/shalimar/channel.h; sourceTree = "<group>"; };
		C2BFCCD2CCA01109BB26ABB2 /* src/shalimar/session.h */ = {isa = PBXFileReference; lastKnownFileType = sourcecode.c.h; path = src/shalimar/session.h; sourceTree = "<group>"; };
		2DE3544F32E4D84CB64E8689 /* src/symbols.h */ = {isa = PBXFileReference; lastKnownFileType = sourcecode.c.h; path = src/symbols.h; sourceTree = "<group>"; };
		39A402FE2CFB9F54BD573D78 /* src/syntax.h */ = {isa = PBXFileReference; lastKnownFileType = sourcecode.c.h; path = src/syntax.h; sourceTree = "<group>"; };
		39009C8DD2BE0C6863675995 /* src/terminal.h */ = {isa = PBXFileReference; lastKnownFileType = sourcecode.c.h; path = src/terminal.h; sourceTree = "<group>"; };
		F35B5E82196396A6CBB414F9 /* src/toolchain.h */ = {isa = PBXFileReference; lastKnownFileType = sourcecode.c.h; path = src/toolchain.h; sourceTree = "<group>"; };
		1FB377702D9D455A0ECFFC96 /* src/tree.h */ = {isa = PBXFileReference; lastKnownFileType = sourcecode.c.h; path = src/tree.h; sourceTree = "<group>"; };
		FCEAEAEAE0D3842C42B1F9AA /* src/utf8.h */ = {isa = PBXFileReference; lastKnownFileType = sourcecode.c.h; path = src/utf8.h; sourceTree = "<group>"; };
		995EF1784AA84428E41D623A /* src/workspace.h */ = {isa = PBXFileReference; lastKnownFileType = sourcecode.c.h; path = src/workspace.h; sourceTree = "<group>"; };
		7D3DCDDC1F56CA3A8133A72F /* RStudio.exe */ = {isa = PBXFileReference; explicitFileType = "compiled.mach-o.executable"; includeInIndex = 0; path = RStudio.exe; sourceTree = BUILT_PRODUCTS_DIR; };
		F1DCFDB65F93625E5F8AFCEC /* cc1i.exe.xcodeproj */ = {isa = PBXFileReference; lastKnownFileType = "wrapper.pb-project"; name = cc1i.exe.xcodeproj; path = "../VM6747/Compiler-Ci/cc1.xcodeproj"; sourceTree = "<group>"; };
		935BB4E07B0FFC8A1ED9426B /* cxx1i.exe.xcodeproj */ = {isa = PBXFileReference; lastKnownFileType = "wrapper.pb-project"; name = cxx1i.exe.xcodeproj; path = "../VM6747/Compiler-Cppi/cxx1.xcodeproj"; sourceTree = "<group>"; };
		7F746CB55AD3A770E177E479 /* vm6747.exe.xcodeproj */ = {isa = PBXFileReference; lastKnownFileType = "wrapper.pb-project"; name = vm6747.exe.xcodeproj; path = "../VM6747/Emulator/vm6747.xcodeproj"; sourceTree = "<group>"; };
		027BFC03EF75C888838128AE /* asm6x.exe.xcodeproj */ = {isa = PBXFileReference; lastKnownFileType = "wrapper.pb-project"; name = asm6x.exe.xcodeproj; path = "../ASM6x/asm6x.xcodeproj"; sourceTree = "<group>"; };
		B0E4B24994DA6A15303DF67C /* shci.exe.xcodeproj */ = {isa = PBXFileReference; lastKnownFileType = "wrapper.pb-project"; name = shci.exe.xcodeproj; path = "../VM6747/Compiler-Si/shc.xcodeproj"; sourceTree = "<group>"; };
		F37F914312A3544D790C94C4 /* c2s.exe.xcodeproj */ = {isa = PBXFileReference; lastKnownFileType = "wrapper.pb-project"; name = c2s.exe.xcodeproj; path = "../Converter-C2S/c2s.xcodeproj"; sourceTree = "<group>"; };
/* End PBXFileReference section */

/* Begin PBXContainerItemProxy section */
		47F56FB48E51D46EB5DA3D61 /* PBXContainerItemProxy */ = {
			isa = PBXContainerItemProxy;
			containerPortal = F1DCFDB65F93625E5F8AFCEC /* cc1i.exe.xcodeproj */;
			proxyType = 2;
			remoteGlobalIDString = A4AB2C867FBE0347639CA98D;
			remoteInfo = cc1i.exe;
		};
		7AD4A4EB531C06093B951BA8 /* PBXContainerItemProxy */ = {
			isa = PBXContainerItemProxy;
			containerPortal = F1DCFDB65F93625E5F8AFCEC /* cc1i.exe.xcodeproj */;
			proxyType = 1;
			remoteGlobalIDString = CB54FB9D454F639E6B801F13;
			remoteInfo = cc1i.exe;
		};
		BC1A6148C6C0A2AEB47D4712 /* PBXContainerItemProxy */ = {
			isa = PBXContainerItemProxy;
			containerPortal = 935BB4E07B0FFC8A1ED9426B /* cxx1i.exe.xcodeproj */;
			proxyType = 2;
			remoteGlobalIDString = B0DEE53FB510C2BF164ECD03;
			remoteInfo = cxx1i.exe;
		};
		0C5220640D8312249A3B7260 /* PBXContainerItemProxy */ = {
			isa = PBXContainerItemProxy;
			containerPortal = 935BB4E07B0FFC8A1ED9426B /* cxx1i.exe.xcodeproj */;
			proxyType = 1;
			remoteGlobalIDString = 9BDE0D6970DFE91E74C9FC29;
			remoteInfo = cxx1i.exe;
		};
		08A1E754EF8E6C30382025DF /* PBXContainerItemProxy */ = {
			isa = PBXContainerItemProxy;
			containerPortal = 7F746CB55AD3A770E177E479 /* vm6747.exe.xcodeproj */;
			proxyType = 2;
			remoteGlobalIDString = 207AA90626EB58B979BE4229;
			remoteInfo = vm6747.exe;
		};
		ABE5B94E2FACF985D9D840E6 /* PBXContainerItemProxy */ = {
			isa = PBXContainerItemProxy;
			containerPortal = 7F746CB55AD3A770E177E479 /* vm6747.exe.xcodeproj */;
			proxyType = 1;
			remoteGlobalIDString = B216694C7B15F1C133F86537;
			remoteInfo = vm6747.exe;
		};
		CA6A75851D9ABCD24046CA72 /* PBXContainerItemProxy */ = {
			isa = PBXContainerItemProxy;
			containerPortal = 027BFC03EF75C888838128AE /* asm6x.exe.xcodeproj */;
			proxyType = 2;
			remoteGlobalIDString = 1BA4060C0C0AB77421D9125E;
			remoteInfo = asm6x.exe;
		};
		A494BD127012A0C127389EB2 /* PBXContainerItemProxy */ = {
			isa = PBXContainerItemProxy;
			containerPortal = 027BFC03EF75C888838128AE /* asm6x.exe.xcodeproj */;
			proxyType = 1;
			remoteGlobalIDString = 4C9755EAC3E6C308E3121AA8;
			remoteInfo = asm6x.exe;
		};
		7F3F7C63B9FFE92A90EDCEF8 /* PBXContainerItemProxy */ = {
			isa = PBXContainerItemProxy;
			containerPortal = B0E4B24994DA6A15303DF67C /* shci.exe.xcodeproj */;
			proxyType = 2;
			remoteGlobalIDString = 67AAF99CC753BFC75AAF3EAD;
			remoteInfo = shci.exe;
		};
		ED5387EC1C95DE9DAF87FF36 /* PBXContainerItemProxy */ = {
			isa = PBXContainerItemProxy;
			containerPortal = B0E4B24994DA6A15303DF67C /* shci.exe.xcodeproj */;
			proxyType = 1;
			remoteGlobalIDString = E2B705156EA9B32DAB3E58FD;
			remoteInfo = shci.exe;
		};
		851837BF3743AD0E7555074F /* PBXContainerItemProxy */ = {
			isa = PBXContainerItemProxy;
			containerPortal = F37F914312A3544D790C94C4 /* c2s.exe.xcodeproj */;
			proxyType = 2;
			remoteGlobalIDString = 470A5A64FA1A080FF5389DEF;
			remoteInfo = c2s.exe;
		};
		EECD207F074CFE2C61F2CDCB /* PBXContainerItemProxy */ = {
			isa = PBXContainerItemProxy;
			containerPortal = F37F914312A3544D790C94C4 /* c2s.exe.xcodeproj */;
			proxyType = 1;
			remoteGlobalIDString = 60D0049A896606ADF3A4D294;
			remoteInfo = c2s.exe;
		};
/* End PBXContainerItemProxy section */

/* Begin PBXFrameworksBuildPhase section */
		0C803EAFB2DE81B70F415949 /* Frameworks */ = {
			isa = PBXFrameworksBuildPhase;
			buildActionMask = 2147483647;
			files = (
			);
			runOnlyForDeploymentPostprocessing = 0;
		};
/* End PBXFrameworksBuildPhase section */

/* Begin PBXGroup section */
		03FA18933DF6158A3CE1D91F = {
			isa = PBXGroup;
			children = (
				97FB948E4EAC59940BFC4C23 /* Sources */,
				F1DCFDB65F93625E5F8AFCEC /* cc1i.exe.xcodeproj */,
				935BB4E07B0FFC8A1ED9426B /* cxx1i.exe.xcodeproj */,
				7F746CB55AD3A770E177E479 /* vm6747.exe.xcodeproj */,
				027BFC03EF75C888838128AE /* asm6x.exe.xcodeproj */,
				B0E4B24994DA6A15303DF67C /* shci.exe.xcodeproj */,
				F37F914312A3544D790C94C4 /* c2s.exe.xcodeproj */,
				744890367C8084A94875E5BE /* Products */,
			);
			sourceTree = "<group>";
		};
		97FB948E4EAC59940BFC4C23 /* Sources */ = {
			isa = PBXGroup;
			children = (
				BFFADD88A65A7B11EDB80539 /* src/about.cpp */,
				C86F6CC1055BDB790EAF9391 /* src/buffer.cpp */,
				21EAF0BF9D597F7DC1133386 /* src/compile.cpp */,
				4DD5847B36D4350051C6300A /* src/convert.cpp */,
				DCA73A73779A1B6FFB39DF3B /* src/debugger.cpp */,
				4749BF97F0C198EDAA3420DB /* src/demangle_win.cpp */,
				918B5AC2612C91600B3165FA /* src/editor.cpp */,
				B83C549B95C854E29235B973 /* src/find.cpp */,
				85B8315131243FFB0AAAC3FC /* src/help.cpp */,
				8AF3000BF4BDD81AB4DC3D5F /* src/indent.cpp */,
				19CC2E5C6C40D6FE349E0667 /* src/json.cpp */,
				538B5D1B91A7BE95650C3040 /* src/main.cpp */,
				4968BF73E5C2D51A97CA35B8 /* src/menu.cpp */,
				D0E1779E6C5BE79C516412A3 /* src/path.cpp */,
				F5DE32CF64F9E1479EF943CD /* src/process.cpp */,
				5A1195D97D5229F327AB06E6 /* src/project.cpp */,
				55EE19F2CFD9D732E707E9B2 /* src/settings.cpp */,
				3F756BB7D2005279339F5EA2 /* src/shalimar/channel.cpp */,
				CC2105F1B7160547CE37D172 /* src/shalimar/session.cpp */,
				74FC35BD1219B582C830A8F5 /* src/symbols.cpp */,
				B5CA71E7670AEFFC90563757 /* src/syntax.cpp */,
				D8490E2AA88AD30BA6F59D3A /* src/terminal.cpp */,
				221CE21A6E6A094EDB02146C /* src/terminal_common.cpp */,
				CBA73DFAD6926D4024A04C34 /* src/toolchain.cpp */,
				B71BF105044905B14EA2BFCC /* src/tree.cpp */,
				21AE74EF488F08F4D064ADB7 /* src/utf8.cpp */,
				A6997C068C7A689B20B6B454 /* src/workspace.cpp */,
				E973B228DD3A846DEAE8E8D3 /* src/about.h */,
				1B5EB44A741DFFD2525AE1C6 /* src/buffer.h */,
				650A4A41D1C1F489366CE5E2 /* src/compile.h */,
				87475EFCF12BD76F7011DE14 /* src/convert.h */,
				873BA592A41AA463A9B9E994 /* src/debugger.h */,
				1435A6BCCF5E71153D9F9A8D /* src/editor.h */,
				A57C76E9F2FFB1E22DDAC64C /* src/find.h */,
				1E78AE1C3CAB6D9F8D82C4C5 /* src/help.h */,
				2E27E713CCCBA17C6984216C /* src/indent.h */,
				02A33E217FD333FB1B5C81A7 /* src/json.h */,
				0EC7D0E46155DC11229B3A74 /* src/menu.h */,
				0DCCBCA79279550399768818 /* src/path.h */,
				535E7D6D4A640F2396055849 /* src/process.h */,
				A8EC7491BBC818BB9ADC8608 /* src/project.h */,
				43A4BE783A32D36672149ABC /* src/settings.h */,
				3E989A3836043789DA1B92DA /* src/shalimar/channel.h */,
				C2BFCCD2CCA01109BB26ABB2 /* src/shalimar/session.h */,
				2DE3544F32E4D84CB64E8689 /* src/symbols.h */,
				39A402FE2CFB9F54BD573D78 /* src/syntax.h */,
				39009C8DD2BE0C6863675995 /* src/terminal.h */,
				F35B5E82196396A6CBB414F9 /* src/toolchain.h */,
				1FB377702D9D455A0ECFFC96 /* src/tree.h */,
				FCEAEAEAE0D3842C42B1F9AA /* src/utf8.h */,
				995EF1784AA84428E41D623A /* src/workspace.h */,
			);
			name = Sources;
			sourceTree = "<group>";
		};
		744890367C8084A94875E5BE /* Products */ = {
			isa = PBXGroup;
			children = (
				7D3DCDDC1F56CA3A8133A72F /* RStudio.exe */,
			);
			name = Products;
			sourceTree = "<group>";
		};
		13B029C0A44C6D968CEBD565 /* Products */ = {
			isa = PBXGroup;
			children = (
				BED6F55AE98A4ECDEABEDAA5 /* cc1i.exe */,
			);
			name = Products;
			sourceTree = "<group>";
		};
		D66B2904A7EDD006972170A0 /* Products */ = {
			isa = PBXGroup;
			children = (
				56DFEDCFBF1F0D877E5FC597 /* cxx1i.exe */,
			);
			name = Products;
			sourceTree = "<group>";
		};
		47293FECF5DDBB1C279EA509 /* Products */ = {
			isa = PBXGroup;
			children = (
				3826624F713632D368FA691F /* vm6747.exe */,
			);
			name = Products;
			sourceTree = "<group>";
		};
		0EBB139289FEE0D24E72E525 /* Products */ = {
			isa = PBXGroup;
			children = (
				A7D26D287BE1EB43747C46D7 /* asm6x.exe */,
			);
			name = Products;
			sourceTree = "<group>";
		};
		6C9AEBD72996EFE97927A707 /* Products */ = {
			isa = PBXGroup;
			children = (
				1AF118E366DD5B4E5D778CB8 /* shci.exe */,
			);
			name = Products;
			sourceTree = "<group>";
		};
		13BCBFE1ABD034C942830BA8 /* Products */ = {
			isa = PBXGroup;
			children = (
				E602C1079D2A115AAC962085 /* c2s.exe */,
			);
			name = Products;
			sourceTree = "<group>";
		};
/* End PBXGroup section */

/* Begin PBXReferenceProxy section */
		BED6F55AE98A4ECDEABEDAA5 /* cc1i.exe */ = {
			isa = PBXReferenceProxy;
			fileType = "compiled.mach-o.executable";
			path = cc1i.exe;
			remoteRef = 47F56FB48E51D46EB5DA3D61 /* PBXContainerItemProxy */;
			sourceTree = BUILT_PRODUCTS_DIR;
		};
		56DFEDCFBF1F0D877E5FC597 /* cxx1i.exe */ = {
			isa = PBXReferenceProxy;
			fileType = "compiled.mach-o.executable";
			path = cxx1i.exe;
			remoteRef = BC1A6148C6C0A2AEB47D4712 /* PBXContainerItemProxy */;
			sourceTree = BUILT_PRODUCTS_DIR;
		};
		3826624F713632D368FA691F /* vm6747.exe */ = {
			isa = PBXReferenceProxy;
			fileType = "compiled.mach-o.executable";
			path = vm6747.exe;
			remoteRef = 08A1E754EF8E6C30382025DF /* PBXContainerItemProxy */;
			sourceTree = BUILT_PRODUCTS_DIR;
		};
		A7D26D287BE1EB43747C46D7 /* asm6x.exe */ = {
			isa = PBXReferenceProxy;
			fileType = "compiled.mach-o.executable";
			path = asm6x.exe;
			remoteRef = CA6A75851D9ABCD24046CA72 /* PBXContainerItemProxy */;
			sourceTree = BUILT_PRODUCTS_DIR;
		};
		1AF118E366DD5B4E5D778CB8 /* shci.exe */ = {
			isa = PBXReferenceProxy;
			fileType = "compiled.mach-o.executable";
			path = shci.exe;
			remoteRef = 7F3F7C63B9FFE92A90EDCEF8 /* PBXContainerItemProxy */;
			sourceTree = BUILT_PRODUCTS_DIR;
		};
		E602C1079D2A115AAC962085 /* c2s.exe */ = {
			isa = PBXReferenceProxy;
			fileType = "compiled.mach-o.executable";
			path = c2s.exe;
			remoteRef = 851837BF3743AD0E7555074F /* PBXContainerItemProxy */;
			sourceTree = BUILT_PRODUCTS_DIR;
		};
/* End PBXReferenceProxy section */

/* Begin PBXNativeTarget section */
		631E6F90749859A11BF140CC /* RStudio.exe */ = {
			isa = PBXNativeTarget;
			buildConfigurationList = 9802722AC92ACA31C4C4767B;
			buildPhases = (
				424B8AF93D4B750A672BAC51 /* Sources */,
				0C803EAFB2DE81B70F415949 /* Frameworks */,
				25FAAB441A662624089BD1BD /* put the finished program in RStudio's directory */,
			);
			buildRules = (
			);
			dependencies = (
				23CB94287C5CF9303297A080 /* PBXTargetDependency */,
				320658C674B7EED4220FCA2D /* PBXTargetDependency */,
				A4E2F5287A5ED8052FA26C2F /* PBXTargetDependency */,
				6673D78DD291D8D6C1777374 /* PBXTargetDependency */,
				8D2974D8BE7A2CAC21E834ED /* PBXTargetDependency */,
				EF18CE9F2F4C0054317F0417 /* PBXTargetDependency */,
			);
			name = RStudio.exe;
			productName = RStudio.exe;
			productReference = 7D3DCDDC1F56CA3A8133A72F /* RStudio.exe */;
			productType = "com.apple.product-type.tool";
		};
/* End PBXNativeTarget section */

/* Begin PBXTargetDependency section */
		23CB94287C5CF9303297A080 /* PBXTargetDependency */ = {
			isa = PBXTargetDependency;
			name = cc1i.exe;
			targetProxy = 7AD4A4EB531C06093B951BA8 /* PBXContainerItemProxy */;
		};
		320658C674B7EED4220FCA2D /* PBXTargetDependency */ = {
			isa = PBXTargetDependency;
			name = cxx1i.exe;
			targetProxy = 0C5220640D8312249A3B7260 /* PBXContainerItemProxy */;
		};
		A4E2F5287A5ED8052FA26C2F /* PBXTargetDependency */ = {
			isa = PBXTargetDependency;
			name = vm6747.exe;
			targetProxy = ABE5B94E2FACF985D9D840E6 /* PBXContainerItemProxy */;
		};
		6673D78DD291D8D6C1777374 /* PBXTargetDependency */ = {
			isa = PBXTargetDependency;
			name = asm6x.exe;
			targetProxy = A494BD127012A0C127389EB2 /* PBXContainerItemProxy */;
		};
		8D2974D8BE7A2CAC21E834ED /* PBXTargetDependency */ = {
			isa = PBXTargetDependency;
			name = shci.exe;
			targetProxy = ED5387EC1C95DE9DAF87FF36 /* PBXContainerItemProxy */;
		};
		EF18CE9F2F4C0054317F0417 /* PBXTargetDependency */ = {
			isa = PBXTargetDependency;
			name = c2s.exe;
			targetProxy = EECD207F074CFE2C61F2CDCB /* PBXContainerItemProxy */;
		};
/* End PBXTargetDependency section */

/* Begin PBXProject section */
		C1DB56B34A6FC0374E46C8FF /* Project object */ = {
			isa = PBXProject;
			attributes = {
				BuildIndependentTargetsInParallel = 1;
				LastUpgradeCheck = 1600;
			};
			buildConfigurationList = 80ACD6370C90F5CE99F4DF9A;
			developmentRegion = en;
			hasScannedForEncodings = 0;
			knownRegions = (
				en,
				Base,
			);
			mainGroup = 03FA18933DF6158A3CE1D91F;
			productRefGroup = 744890367C8084A94875E5BE /* Products */;
			projectDirPath = "";
			projectReferences = (
				{
					ProductGroup = 13B029C0A44C6D968CEBD565 /* Products */;
					ProjectRef = F1DCFDB65F93625E5F8AFCEC /* cc1i.exe.xcodeproj */;
				},
				{
					ProductGroup = D66B2904A7EDD006972170A0 /* Products */;
					ProjectRef = 935BB4E07B0FFC8A1ED9426B /* cxx1i.exe.xcodeproj */;
				},
				{
					ProductGroup = 47293FECF5DDBB1C279EA509 /* Products */;
					ProjectRef = 7F746CB55AD3A770E177E479 /* vm6747.exe.xcodeproj */;
				},
				{
					ProductGroup = 0EBB139289FEE0D24E72E525 /* Products */;
					ProjectRef = 027BFC03EF75C888838128AE /* asm6x.exe.xcodeproj */;
				},
				{
					ProductGroup = 6C9AEBD72996EFE97927A707 /* Products */;
					ProjectRef = B0E4B24994DA6A15303DF67C /* shci.exe.xcodeproj */;
				},
				{
					ProductGroup = 13BCBFE1ABD034C942830BA8 /* Products */;
					ProjectRef = F37F914312A3544D790C94C4 /* c2s.exe.xcodeproj */;
				},
			);
			projectRoot = "";
			targets = (
				631E6F90749859A11BF140CC /* RStudio.exe */,
			);
		};
/* End PBXProject section */

/* Begin PBXShellScriptBuildPhase section */
		25FAAB441A662624089BD1BD /* put the finished program in RStudio's directory */ = {
			isa = PBXShellScriptBuildPhase;
			alwaysOutOfDate = 1;
			buildActionMask = 2147483647;
			files = (
			);
			inputPaths = (
			);
			name = "put the finished program in RStudio's directory";
			outputPaths = (
			);
			runOnlyForDeploymentPostprocessing = 0;
			shellPath = /bin/sh;
			shellScript = "set -e\ndest=\"$SRCROOT\"\nmkdir -p \"$dest\"\ncp -f \"$BUILT_PRODUCTS_DIR/$PRODUCT_NAME\" \"$dest/.$PRODUCT_NAME.new\"\nmv -f \"$dest/.$PRODUCT_NAME.new\" \"$dest/$PRODUCT_NAME\"\ncodesign --force --sign - \"$dest/$PRODUCT_NAME\"\n";
		};
/* End PBXShellScriptBuildPhase section */

/* Begin PBXSourcesBuildPhase section */
		424B8AF93D4B750A672BAC51 /* Sources */ = {
			isa = PBXSourcesBuildPhase;
			buildActionMask = 2147483647;
			files = (
				E015B69145109D09D312E377 /* src/about.cpp in Sources */,
				80E57586DCB544227C1CABDF /* src/buffer.cpp in Sources */,
				0A43D8A08722C77B52F0B06D /* src/compile.cpp in Sources */,
				E8972C1703D4A93D3D2CB807 /* src/convert.cpp in Sources */,
				918F9C576EC8488A74A06534 /* src/debugger.cpp in Sources */,
				912A42F0E9DE315EF91C24BE /* src/demangle_win.cpp in Sources */,
				AAB6E584544D1F0DE05BF405 /* src/editor.cpp in Sources */,
				078688230FB514EF4B7EF91B /* src/find.cpp in Sources */,
				AAD91BFEA264405560B53E3F /* src/help.cpp in Sources */,
				9CFFE109F8061BCAD8305D35 /* src/indent.cpp in Sources */,
				5042E705CDF3685E732ACCD4 /* src/json.cpp in Sources */,
				8D5DEB5EEEAB3655B862B92F /* src/main.cpp in Sources */,
				F7B35C55F11C411DC03D3FE7 /* src/menu.cpp in Sources */,
				A0D44BBCA2DFCC504416B1E3 /* src/path.cpp in Sources */,
				317E8C7E05CE4003BD6511C5 /* src/process.cpp in Sources */,
				10380FB61EFABE495BA307B1 /* src/project.cpp in Sources */,
				B9A52EB25BEF6BC293AA5CBB /* src/settings.cpp in Sources */,
				EBBE79AC945AE7BFEC5A4D35 /* src/shalimar/channel.cpp in Sources */,
				1AC8C2079FD39DE2E6E1D95F /* src/shalimar/session.cpp in Sources */,
				02620012EC1CBD6D97426027 /* src/symbols.cpp in Sources */,
				7C428121D0D3E09BF17B9B47 /* src/syntax.cpp in Sources */,
				9D79086AADD50177F03863F4 /* src/terminal.cpp in Sources */,
				C2D11DC8F12413880D79D19B /* src/terminal_common.cpp in Sources */,
				33E56EC2F4D6775CA0B3C3F1 /* src/toolchain.cpp in Sources */,
				FEAED58504DD22A48E5F9CC2 /* src/tree.cpp in Sources */,
				DBE2AD57BCEA97DDDE283FEA /* src/utf8.cpp in Sources */,
				B64837D5D51982DEB27792E5 /* src/workspace.cpp in Sources */,
			);
			runOnlyForDeploymentPostprocessing = 0;
		};
/* End PBXSourcesBuildPhase section */

/* Begin XCBuildConfiguration section */
		03FF99970B4E4CF216E4FA8E /* Debug */ = {
			isa = XCBuildConfiguration;
			buildSettings = {
				ALWAYS_SEARCH_USER_PATHS = NO;
				OBJROOT = "$(TMPDIR)/rstudio-xcode";
				SYMROOT = "$(TMPDIR)/rstudio-xcode";
				CLANG_CXX_LANGUAGE_STANDARD = "c++14";
				CLANG_ENABLE_OBJC_ARC = YES;
				CLANG_WARN_IMPLICIT_SIGN_CONVERSION = NO;
				CODE_SIGN_STYLE = Automatic;
				GCC_TREAT_WARNINGS_AS_ERRORS = YES;
				GCC_WARN_64_TO_32_BIT_CONVERSION = NO;
				MACOSX_DEPLOYMENT_TARGET = 10.15;
				PRODUCT_NAME = RStudio.exe;
				SDKROOT = macosx;
				USER_HEADER_SEARCH_PATHS = "$(SRCROOT)/src";
				WARNING_CFLAGS = (
					"-Wall",
					"-Wextra",
					"-pedantic",
				);
				DEBUG_INFORMATION_FORMAT = dwarf;
				GCC_OPTIMIZATION_LEVEL = 0;
			};
			name = Debug;
		};
		895B533CE569893B968F1E20 /* Release */ = {
			isa = XCBuildConfiguration;
			buildSettings = {
				ALWAYS_SEARCH_USER_PATHS = NO;
				OBJROOT = "$(TMPDIR)/rstudio-xcode";
				SYMROOT = "$(TMPDIR)/rstudio-xcode";
				CLANG_CXX_LANGUAGE_STANDARD = "c++14";
				CLANG_ENABLE_OBJC_ARC = YES;
				CLANG_WARN_IMPLICIT_SIGN_CONVERSION = NO;
				CODE_SIGN_STYLE = Automatic;
				GCC_TREAT_WARNINGS_AS_ERRORS = YES;
				GCC_WARN_64_TO_32_BIT_CONVERSION = NO;
				MACOSX_DEPLOYMENT_TARGET = 10.15;
				PRODUCT_NAME = RStudio.exe;
				SDKROOT = macosx;
				USER_HEADER_SEARCH_PATHS = "$(SRCROOT)/src";
				WARNING_CFLAGS = (
					"-Wall",
					"-Wextra",
					"-pedantic",
				);
				DEBUG_INFORMATION_FORMAT = "dwarf-with-dsym";
				GCC_OPTIMIZATION_LEVEL = 2;
			};
			name = Release;
		};
		267790BA3C98D870E5CD5366 /* Debug */ = {
			isa = XCBuildConfiguration;
			buildSettings = {
				ALWAYS_SEARCH_USER_PATHS = NO;
				OBJROOT = "$(TMPDIR)/rstudio-xcode";
				SYMROOT = "$(TMPDIR)/rstudio-xcode";
				CLANG_CXX_LANGUAGE_STANDARD = "c++14";
				CLANG_ENABLE_OBJC_ARC = YES;
				CLANG_WARN_IMPLICIT_SIGN_CONVERSION = NO;
				CODE_SIGN_STYLE = Automatic;
				GCC_TREAT_WARNINGS_AS_ERRORS = YES;
				GCC_WARN_64_TO_32_BIT_CONVERSION = NO;
				MACOSX_DEPLOYMENT_TARGET = 10.15;
				PRODUCT_NAME = RStudio.exe;
				SDKROOT = macosx;
				USER_HEADER_SEARCH_PATHS = "$(SRCROOT)/src";
				WARNING_CFLAGS = (
					"-Wall",
					"-Wextra",
					"-pedantic",
				);
				DEBUG_INFORMATION_FORMAT = dwarf;
				GCC_OPTIMIZATION_LEVEL = 0;
			};
			name = Debug;
		};
		6156EA12DF3EC9AC49E9BA25 /* Release */ = {
			isa = XCBuildConfiguration;
			buildSettings = {
				ALWAYS_SEARCH_USER_PATHS = NO;
				OBJROOT = "$(TMPDIR)/rstudio-xcode";
				SYMROOT = "$(TMPDIR)/rstudio-xcode";
				CLANG_CXX_LANGUAGE_STANDARD = "c++14";
				CLANG_ENABLE_OBJC_ARC = YES;
				CLANG_WARN_IMPLICIT_SIGN_CONVERSION = NO;
				CODE_SIGN_STYLE = Automatic;
				GCC_TREAT_WARNINGS_AS_ERRORS = YES;
				GCC_WARN_64_TO_32_BIT_CONVERSION = NO;
				MACOSX_DEPLOYMENT_TARGET = 10.15;
				PRODUCT_NAME = RStudio.exe;
				SDKROOT = macosx;
				USER_HEADER_SEARCH_PATHS = "$(SRCROOT)/src";
				WARNING_CFLAGS = (
					"-Wall",
					"-Wextra",
					"-pedantic",
				);
				DEBUG_INFORMATION_FORMAT = "dwarf-with-dsym";
				GCC_OPTIMIZATION_LEVEL = 2;
			};
			name = Release;
		};
/* End XCBuildConfiguration section */

/* Begin XCConfigurationList section */
		80ACD6370C90F5CE99F4DF9A /* project */ = {
			isa = XCConfigurationList;
			buildConfigurations = (
				03FF99970B4E4CF216E4FA8E /* Debug */,
				895B533CE569893B968F1E20 /* Release */,
			);
			defaultConfigurationIsVisible = 0;
			defaultConfigurationName = Debug;
		};
		9802722AC92ACA31C4C4767B /* target */ = {
			isa = XCConfigurationList;
			buildConfigurations = (
				267790BA3C98D870E5CD5366 /* Debug */,
				6156EA12DF3EC9AC49E9BA25 /* Release */,
			);
			defaultConfigurationIsVisible = 0;
			defaultConfigurationName = Debug;
		};
/* End XCConfigurationList section */
	};
	rootObject = C1DB56B34A6FC0374E46C8FF /* Project object */;
}
